
Microsoft Visual Studio Solution File, Format Version 12.00
# Visual Studio Version 17
VisualStudioVersion = 17.7.34024.191
MinimumVisualStudioVersion = 10.0.40219.1
Project("{FAE04EC0-301F-11D3-BF4B-00C04F79EFBC}") = "Builder", "Builder\Builder.csproj", "{7C072B61-87A2-4509-B555-62F9AF8C3543}"
EndProject
Global
	GlobalSection(SolutionConfigurationPlatforms) = preSolution
		Debug|Any CPU = Debug|Any CPU
		Release|Any CPU = Release|Any CPU
	EndGlobalSection
	GlobalSection(ProjectConfigurationPlatforms) = postSolution
		{7C072B61-87A2-4509-B555-62F9AF8C3543}.Debug|Any CPU.ActiveCfg = Debug|Any CPU
		{7C072B61-87A2-4509-B555-62F9AF8C3543}.Debug|Any CPU.Build.0 = Debug|Any CPU
		{7C072B61-87A2-4509-B555-62F9AF8C3543}.Release|Any CPU.ActiveCfg = Release|Any CPU
		{7C072B61-87A2-4509-B555-62F9AF8C3543}.Release|Any CPU.Build.0 = Release|Any CPU
	EndGlobalSection
	GlobalSection(SolutionProperties) = preSolution
		HideSolutionNode = FALSE
	EndGlobalSection
	GlobalSection(ExtensibilityGlobals) = postSolution
		SolutionGuid = {43CAD17C-2030-475D-B1A1-30F89D6C6408}
	EndGlobalSection
EndGlobal
